
Microsoft Visual Studio Solution File, Format Version 12.00
# Visual Studio 2012
Project("{FAE04EC0-301F-11D3-BF4B-00C04F79EFBC}") = "LibraryCheckout", "LibraryCheckout\LibraryCheckout.csproj", "{53BC2151-3D84-48A5-812D-5E5E2CD054FE}"
EndProject
Global
	GlobalSection(SolutionConfigurationPlatforms) = preSolution
		Debug|Any CPU = Debug|Any CPU
		Release|Any CPU = Release|Any CPU
	EndGlobalSection
	GlobalSection(ProjectConfigurationPlatforms) = postSolution
		{53BC2151-3D84-48A5-812D-5E5E2CD054FE}.Debug|Any CPU.ActiveCfg = Debug|Any CPU
		{53BC2151-3D84-48A5-812D-5E5E2CD054FE}.Debug|Any CPU.Build.0 = Debug|Any CPU
		{53BC2151-3D84-48A5-812D-5E5E2CD054FE}.Release|Any CPU.ActiveCfg = Release|Any CPU
		{53BC2151-3D84-48A5-812D-5E5E2CD054FE}.Release|Any CPU.Build.0 = Release|Any CPU
	EndGlobalSection
	GlobalSection(SolutionProperties) = preSolution
		HideSolutionNode = FALSE
	EndGlobalSection
EndGlobal
